// !$*UTF8*$!
{
	archiveVersion = 1;
	classes = {
	};
	objectVersion = 77;
	objects = {

/* Begin PBXBuildFile section */
		57302C212CE6294C0033923B /* ProductListView.swift in Sources */ = {isa = PBXBuildFile; fileRef = 57302C202CE6294C0033923B /* ProductListView.swift */; };
		57302C232CE6299F0033923B /* ProductModel.swift in Sources */ = {isa = PBXBuildFile; fileRef = 57302C222CE6299F0033923B /* ProductModel.swift */; };
		57302C252CE629C50033923B /* ProductViewModel.swift in Sources */ = {isa = PBXBuildFile; fileRef = 57302C242CE629C50033923B /* ProductViewModel.swift */; };
		57302C272CE62A170033923B /* ProductService.swift in Sources */ = {isa = PBXBuildFile; fileRef = 57302C262CE62A170033923B /* ProductService.swift */; };
/* End PBXBuildFile section */

/* Begin PBXContainerItemProxy section */
		57302C042CE6287D0033923B /* PBXContainerItemProxy */ = {
			isa = PBXContainerItemProxy;
			containerPortal = 57302BEB2CE6287B0033923B /* Project object */;
			proxyType = 1;
			remoteGlobalIDString = 57302BF22CE6287B0033923B;
			remoteInfo = "Market place";
		};
		57302C0E2CE6287D0033923B /* PBXContainerItemProxy */ = {
			isa = PBXContainerItemProxy;
			containerPortal = 57302BEB2CE6287B0033923B /* Project object */;
			proxyType = 1;
			remoteGlobalIDString = 57302BF22CE6287B0033923B;
			remoteInfo = "Market place";
		};
/* End PBXContainerItemProxy section */

/* Begin PBXFileReference section */
		57302BF32CE6287B0033923B /* Market place.app */ = {isa = PBXFileReference; explicitFileType = wrapper.application; includeInIndex = 0; path = "Market place.app"; sourceTree = BUILT_PRODUCTS_DIR; };
		57302C032CE6287D0033923B /* Market placeTests.xctest */ = {isa = PBXFileReference; explicitFileType = wrapper.cfbundle; includeInIndex = 0; path = "Market placeTests.xctest"; sourceTree = BUILT_PRODUCTS_DIR; };
		57302C0D2CE6287D0033923B /* Market placeUITests.xctest */ = {isa = PBXFileReference; explicitFileType = wrapper.cfbundle; includeInIndex = 0; path = "Market placeUITests.xctest"; sourceTree = BUILT_PRODUCTS_DIR; };
		57302C202CE6294C0033923B /* ProductListView.swift */ = {isa = PBXFileReference; lastKnownFileType = sourcecode.swift; path = ProductListView.swift; sourceTree = "<group>"; };
		57302C222CE6299F0033923B /* ProductModel.swift */ = {isa = PBXFileReference; lastKnownFileType = sourcecode.swift; path = ProductModel.swift; sourceTree = "<group>"; };
		57302C242CE629C50033923B /* ProductViewModel.swift */ = {isa = PBXFileReference; lastKnownFileType = sourcecode.swift; path = ProductViewModel.swift; sourceTree = "<group>"; };
		57302C262CE62A170033923B /* ProductService.swift */ = {isa = PBXFileReference; lastKnownFileType = sourcecode.swift; path = ProductService.swift; sourceTree = "<group>"; };
/* End PBXFileReference section */

/* Begin PBXFileSystemSynchronizedRootGroup section */
		57302BF52CE6287B0033923B /* Market place */ = {
			isa = PBXFileSystemSynchronizedRootGroup;
			path = "Market place";
			sourceTree = "<group>";
		};
		57302C062CE6287D0033923B /* Market placeTests */ = {
			isa = PBXFileSystemSynchronizedRootGroup;
			path = "Market placeTests";
			sourceTree = "<group>";
		};
		57302C102CE6287D0033923B /* Market placeUITests */ = {
			isa = PBXFileSystemSynchronizedRootGroup;
			path = "Market placeUITests";
			sourceTree = "<group>";
		};
/* End PBXFileSystemSynchronizedRootGroup section */

/* Begin PBXFrameworksBuildPhase section */
		57302BF02CE6287B0033923B /* Frameworks */ = {
			isa = PBXFrameworksBuildPhase;
			buildActionMask = 2147483647;
			files = (
			);
			runOnlyForDeploymentPostprocessing = 0;
		};
		57302C002CE6287D0033923B /* Frameworks */ = {
			isa = PBXFrameworksBuildPhase;
			buildActionMask = 2147483647;
			files = (
			);
			runOnlyForDeploymentPostprocessing = 0;
		};
		57302C0A2CE6287D0033923B /* Frameworks */ = {
			isa = PBXFrameworksBuildPhase;
			buildActionMask = 2147483647;
			files = (
			);
			runOnlyForDeploymentPostprocessing = 0;
		};
/* End PBXFrameworksBuildPhase section */

/* Begin PBXGroup section */
		57302BEA2CE6287B0033923B = {
			isa = PBXGroup;
			children = (
				57302C262CE62A170033923B /* ProductService.swift */,
				57302C242CE629C50033923B /* ProductViewModel.swift */,
				57302C202CE6294C0033923B /* ProductListView.swift */,
				57302C222CE6299F0033923B /* ProductModel.swift */,
				57302BF52CE6287B0033923B /* Market place */,
				57302C062CE6287D0033923B /* Market placeTests */,
				57302C102CE6287D0033923B /* Market placeUITests */,
				57302BF42CE6287B0033923B /* Products */,
			);
			sourceTree = "<group>";
		};
		57302BF42CE6287B0033923B /* Products */ = {
			isa = PBXGroup;
			children = (
				57302BF32CE6287B0033923B /* Market place.app */,
				57302C032CE6287D0033923B /* Market placeTests.xctest */,
				57302C0D2CE6287D0033923B /* Market placeUITests.xctest */,
			);
			name = Products;
			sourceTree = "<group>";
		};
/* End PBXGroup section */

/* Begin PBXNativeTarget section */
		57302BF22CE6287B0033923B /* Market place */ = {
			isa = PBXNativeTarget;
			buildConfigurationList = 57302C172CE6287D0033923B /* Build configuration list for PBXNativeTarget "Market place" */;
			buildPhases = (
				57302BEF2CE6287B0033923B /* Sources */,
				57302BF02CE6287B0033923B /* Frameworks */,
				57302BF12CE6287B0033923B /* Resources */,
			);
			buildRules = (
			);
			dependencies = (
			);
			fileSystemSynchronizedGroups = (
				57302BF52CE6287B0033923B /* Market place */,
			);
			name = "Market place";
			packageProductDependencies = (
			);
			productName = "Market place";
			productReference = 57302BF32CE6287B0033923B /* Market place.app */;
			productType = "com.apple.product-type.application";
		};
		57302C022CE6287D0033923B /* Market placeTests */ = {
			isa = PBXNativeTarget;
			buildConfigurationList = 57302C1A2CE6287D0033923B /* Build configuration list for PBXNativeTarget "Market placeTests" */;
			buildPhases = (
				57302BFF2CE6287D0033923B /* Sources */,
				57302C002CE6287D0033923B /* Frameworks */,
				57302C012CE6287D0033923B /* Resources */,
			);
			buildRules = (
			);
			dependencies = (
				57302C052CE6287D0033923B /* PBXTargetDependency */,
			);
			fileSystemSynchronizedGroups = (
				57302C062CE6287D0033923B /* Market placeTests */,
			);
			name = "Market placeTests";
			packageProductDependencies = (
			);
			productName = "Market placeTests";
			productReference = 57302C032CE6287D0033923B /* Market placeTests.xctest */;
			productType = "com.apple.product-type.bundle.unit-test";
		};
		57302C0C2CE6287D0033923B /* Market placeUITests */ = {
			isa = PBXNativeTarget;
			buildConfigurationList = 57302C1D2CE6287D0033923B /* Build configuration list for PBXNativeTarget "Market placeUITests" */;
			buildPhases = (
				57302C092CE6287D0033923B /* Sources */,
				57302C0A2CE6287D0033923B /* Frameworks */,
				57302C0B2CE6287D0033923B /* Resources */,
			);
			buildRules = (
			);
			dependencies = (
				57302C0F2CE6287D0033923B /* PBXTargetDependency */,
			);
			fileSystemSynchronizedGroups = (
				57302C102CE6287D0033923B /* Market placeUITests */,
			);
			name = "Market placeUITests";
			packageProductDependencies = (
			);
			productName = "Market placeUITests";
			productReference = 57302C0D2CE6287D0033923B /* Market placeUITests.xctest */;
			productType = "com.apple.product-type.bundle.ui-testing";
		};
/* End PBXNativeTarget section */

/* Begin PBXProject section */
		57302BEB2CE6287B0033923B /* Project object */ = {
			isa = PBXProject;
			attributes = {
				BuildIndependentTargetsInParallel = 1;
				LastSwiftUpdateCheck = 1610;
				LastUpgradeCheck = 1610;
				TargetAttributes = {
					57302BF22CE6287B0033923B = {
						CreatedOnToolsVersion = 16.1;
					};
					57302C022CE6287D0033923B = {
						CreatedOnToolsVersion = 16.1;
						TestTargetID = 57302BF22CE6287B0033923B;
					};
					57302C0C2CE6287D0033923B = {
						CreatedOnToolsVersion = 16.1;
						TestTargetID = 57302BF22CE6287B0033923B;
					};
				};
			};
			buildConfigurationList = 57302BEE2CE6287B0033923B /* Build configuration list for PBXProject "Market place" */;
			developmentRegion = en;
			hasScannedForEncodings = 0;
			knownRegions = (
				en,
				Base,
			);
			mainGroup = 57302BEA2CE6287B0033923B;
			minimizedProjectReferenceProxies = 1;
			preferredProjectObjectVersion = 77;
			productRefGroup = 57302BF42CE6287B0033923B /* Products */;
			projectDirPath = "";
			projectRoot = "";
			targets = (
				57302BF22CE6287B0033923B /* Market place */,
				57302C022CE6287D0033923B /* Market placeTests */,
				57302C0C2CE6287D0033923B /* Market placeUITests */,
			);
		};
/* End PBXProject section */

/* Begin PBXResourcesBuildPhase section */
		57302BF12CE6287B0033923B /* Resources */ = {
			isa = PBXResourcesBuildPhase;
			buildActionMask = 2147483647;
			files = (
			);
			runOnlyForDeploymentPostprocessing = 0;
		};
		57302C012CE6287D0033923B /* Resources */ = {
			isa = PBXResourcesBuildPhase;
			buildActionMask = 2147483647;
			files = (
			);
			runOnlyForDeploymentPostprocessing = 0;
		};
		57302C0B2CE6287D0033923B /* Resources */ = {
			isa = PBXResourcesBuildPhase;
			buildActionMask = 2147483647;
			files = (
			);
			runOnlyForDeploymentPostprocessing = 0;
		};
/* End PBXResourcesBuildPhase section */

/* Begin PBXSourcesBuildPhase section */
		57302BEF2CE6287B0033923B /* Sources */ = {
			isa = PBXSourcesBuildPhase;
			buildActionMask = 2147483647;
			files = (
				57302C212CE6294C0033923B /* ProductListView.swift in Sources */,
				57302C232CE6299F0033923B /* ProductModel.swift in Sources */,
				57302C252CE629C50033923B /* ProductViewModel.swift in Sources */,
				57302C272CE62A170033923B /* ProductService.swift in Sources */,
			);
			runOnlyForDeploymentPostprocessing = 0;
		};
		57302BFF2CE6287D0033923B /* Sources */ = {
			isa = PBXSourcesBuildPhase;
			buildActionMask = 2147483647;
			files = (
			);
			runOnlyForDeploymentPostprocessing = 0;
		};
		57302C092CE6287D0033923B /* Sources */ = {
			isa = PBXSourcesBuildPhase;
			buildActionMask = 2147483647;
			files = (
			);
			runOnlyForDeploymentPostprocessing = 0;
		};
/* End PBXSourcesBuildPhase section */

/* Begin PBXTargetDependency section */
		57302C052CE6287D0033923B /* PBXTargetDependency */ = {
			isa = PBXTargetDependency;
			target = 57302BF22CE6287B0033923B /* Market place */;
			targetProxy = 57302C042CE6287D0033923B /* PBXContainerItemProxy */;
		};
		57302C0F2CE6287D0033923B /* PBXTargetDependency */ = {
			isa = PBXTargetDependency;
			target = 57302BF22CE6287B0033923B /* Market place */;
			targetProxy = 57302C0E2CE6287D0033923B /* PBXContainerItemProxy */;
		};
/* End PBXTargetDependency section */

/* Begin XCBuildConfiguration section */
		57302C152CE6287D0033923B /* Debug */ = {
			isa = XCBuildConfiguration;
			buildSettings = {
				ALWAYS_SEARCH_USER_PATHS = NO;
				ASSETCATALOG_COMPILER_GENERATE_SWIFT_ASSET_SYMBOL_EXTENSIONS = YES;
				CLANG_ANALYZER_NONNULL = YES;
				CLANG_ANALYZER_NUMBER_OBJECT_CONVERSION = YES_AGGRESSIVE;
				CLANG_CXX_LANGUAGE_STANDARD = "gnu++20";
				CLANG_ENABLE_MODULES = YES;
				CLANG_ENABLE_OBJC_ARC = YES;
				CLANG_ENABLE_OBJC_WEAK = YES;
				CLANG_WARN_BLOCK_CAPTURE_AUTORELEASING = YES;
				CLANG_WARN_BOOL_CONVERSION = YES;
				CLANG_WARN_COMMA = YES;
				CLANG_WARN_CONSTANT_CONVERSION = YES;
				CLANG_WARN_DEPRECATED_OBJC_IMPLEMENTATIONS = YES;
				CLANG_WARN_DIRECT_OBJC_ISA_USAGE = YES_ERROR;
				CLANG_WARN_DOCUMENTATION_COMMENTS = YES;
				CLANG_WARN_EMPTY_BODY = YES;
				CLANG_WARN_ENUM_CONVERSION = YES;
				CLANG_WARN_INFINITE_RECURSION = YES;
				CLANG_WARN_INT_CONVERSION = YES;
				CLANG_WARN_NON_LITERAL_NULL_CONVERSION = YES;
				CLANG_WARN_OBJC_IMPLICIT_RETAIN_SELF = YES;
				CLANG_WARN_OBJC_LITERAL_CONVERSION = YES;
				CLANG_WARN_OBJC_ROOT_CLASS = YES_ERROR;
				CLANG_WARN_QUOTED_INCLUDE_IN_FRAMEWORK_HEADER = YES;
				CLANG_WARN_RANGE_LOOP_ANALYSIS = YES;
				CLANG_WARN_STRICT_PROTOTYPES = YES;
				CLANG_WARN_SUSPICIOUS_MOVE = YES;
				CLANG_WARN_UNGUARDED_AVAILABILITY = YES_AGGRESSIVE;
				CLANG_WARN_UNREACHABLE_CODE = YES;
				CLANG_WARN__DUPLICATE_METHOD_MATCH = YES;
				COPY_PHASE_STRIP = NO;
				DEBUG_INFORMATION_FORMAT = dwarf;
				ENABLE_STRICT_OBJC_MSGSEND = YES;
				ENABLE_TESTABILITY = YES;
				ENABLE_USER_SCRIPT_SANDBOXING = YES;
				GCC_C_LANGUAGE_STANDARD = gnu17;
				GCC_DYNAMIC_NO_PIC = NO;
				GCC_NO_COMMON_BLOCKS = YES;
				GCC_OPTIMIZATION_LEVEL = 0;
				GCC_PREPROCESSOR_DEFINITIONS = (
					"DEBUG=1",
					"$(inherited)",
				);
				GCC_WARN_64_TO_32_BIT_CONVERSION = YES;
				GCC_WARN_ABOUT_RETURN_TYPE = YES_ERROR;
				GCC_WARN_UNDECLARED_SELECTOR = YES;
				GCC_WARN_UNINITIALIZED_AUTOS = YES_AGGRESSIVE;
				GCC_WARN_UNUSED_FUNCTION = YES;
				GCC_WARN_UNUSED_VARIABLE = YES;
				IPHONEOS_DEPLOYMENT_TARGET = 18.1;
				LOCALIZATION_PREFERS_STRING_CATALOGS = YES;
				MTL_ENABLE_DEBUG_INFO = INCLUDE_SOURCE;
				MTL_FAST_MATH = YES;
				ONLY_ACTIVE_ARCH = YES;
				SDKROOT = iphoneos;
				SWIFT_ACTIVE_COMPILATION_CONDITIONS = "DEBUG $(inherited)";
				SWIFT_OPTIMIZATION_LEVEL = "-Onone";
			};
			name = Debug;
		};
		57302C162CE6287D0033923B /* Release */ = {
			isa = XCBuildConfiguration;
			buildSettings = {
				ALWAYS_SEARCH_USER_PATHS = NO;
				ASSETCATALOG_COMPILER_GENERATE_SWIFT_ASSET_SYMBOL_EXTENSIONS = YES;
				CLANG_ANALYZER_NONNULL = YES;
				CLANG_ANALYZER_NUMBER_OBJECT_CONVERSION = YES_AGGRESSIVE;
				CLANG_CXX_LANGUAGE_STANDARD = "gnu++20";
				CLANG_ENABLE_MODULES = YES;
				CLANG_ENABLE_OBJC_ARC = YES;
				CLANG_ENABLE_OBJC_WEAK = YES;
				CLANG_WARN_BLOCK_CAPTURE_AUTORELEASING = YES;
				CLANG_WARN_BOOL_CONVERSION = YES;
				CLANG_WARN_COMMA = YES;
				CLANG_WARN_CONSTANT_CONVERSION = YES;
				CLANG_WARN_DEPRECATED_OBJC_IMPLEMENTATIONS = YES;
				CLANG_WARN_DIRECT_OBJC_ISA_USAGE = YES_ERROR;
				CLANG_WARN_DOCUMENTATION_COMMENTS = YES;
				CLANG_WARN_EMPTY_BODY = YES;
				CLANG_WARN_ENUM_CONVERSION = YES;
				CLANG_WARN_INFINITE_RECURSION = YES;
				CLANG_WARN_INT_CONVERSION = YES;
				CLANG_WARN_NON_LITERAL_NULL_CONVERSION = YES;
				CLANG_WARN_OBJC_IMPLICIT_RETAIN_SELF = YES;
				CLANG_WARN_OBJC_LITERAL_CONVERSION = YES;
				CLANG_WARN_OBJC_ROOT_CLASS = YES_ERROR;
				CLANG_WARN_QUOTED_INCLUDE_IN_FRAMEWORK_HEADER = YES;
				CLANG_WARN_RANGE_LOOP_ANALYSIS = YES;
				CLANG_WARN_STRICT_PROTOTYPES = YES;
				CLANG_WARN_SUSPICIOUS_MOVE = YES;
				CLANG_WARN_UNGUARDED_AVAILABILITY = YES_AGGRESSIVE;
				CLANG_WARN_UNREACHABLE_CODE = YES;
				CLANG_WARN__DUPLICATE_METHOD_MATCH = YES;
				COPY_PHASE_STRIP = NO;
				DEBUG_INFORMATION_FORMAT = "dwarf-with-dsym";
				ENABLE_NS_ASSERTIONS = NO;
				ENABLE_STRICT_OBJC_MSGSEND = YES;
				ENABLE_USER_SCRIPT_SANDBOXING = YES;
				GCC_C_LANGUAGE_STANDARD = gnu17;
				GCC_NO_COMMON_BLOCKS = YES;
				GCC_WARN_64_TO_32_BIT_CONVERSION = YES;
				GCC_WARN_ABOUT_RETURN_TYPE = YES_ERROR;
				GCC_WARN_UNDECLARED_SELECTOR = YES;
				GCC_WARN_UNINITIALIZED_AUTOS = YES_AGGRESSIVE;
				GCC_WARN_UNUSED_FUNCTION = YES;
				GCC_WARN_UNUSED_VARIABLE = YES;
				IPHONEOS_DEPLOYMENT_TARGET = 18.1;
				LOCALIZATION_PREFERS_STRING_CATALOGS = YES;
				MTL_ENABLE_DEBUG_INFO = NO;
				MTL_FAST_MATH = YES;
				SDKROOT = iphoneos;
				SWIFT_COMPILATION_MODE = wholemodule;
				VALIDATE_PRODUCT = YES;
			};
			name = Release;
		};
		57302C182CE6287D0033923B /* Debug */ = {
			isa = XCBuildConfiguration;
			buildSettings = {
				ASSETCATALOG_COMPILER_APPICON_NAME = AppIcon;
				ASSETCATALOG_COMPILER_GLOBAL_ACCENT_COLOR_NAME = AccentColor;
				CODE_SIGN_STYLE = Automatic;
				CURRENT_PROJECT_VERSION = 1;
				DEVELOPMENT_ASSET_PATHS = "\"Market place/Preview Content\"";
				ENABLE_PREVIEWS = YES;
				GENERATE_INFOPLIST_FILE = YES;
				INFOPLIST_KEY_UIApplicationSceneManifest_Generation = YES;
				INFOPLIST_KEY_UIApplicationSupportsIndirectInputEvents = YES;
				INFOPLIST_KEY_UILaunchScreen_Generation = YES;
				INFOPLIST_KEY_UISupportedInterfaceOrientations_iPad = "UIInterfaceOrientationPortrait UIInterfaceOrientationPortraitUpsideDown UIInterfaceOrientationLandscapeLeft UIInterfaceOrientationLandscapeRight";
				INFOPLIST_KEY_UISupportedInterfaceOrientations_iPhone = "UIInterfaceOrientationPortrait UIInterfaceOrientationLandscapeLeft UIInterfaceOrientationLandscapeRight";
				LD_RUNPATH_SEARCH_PATHS = (
					"$(inherited)",
					"@executable_path/Frameworks",
				);
				MARKETING_VERSION = 1.0;
				PRODUCT_BUNDLE_IDENTIFIER = "product.Market-place";
				PRODUCT_NAME = "$(TARGET_NAME)";
				SWIFT_EMIT_LOC_STRINGS = YES;
				SWIFT_VERSION = 5.0;
				TARGETED_DEVICE_FAMILY = "1,2";
			};
			name = Debug;
		};
		57302C192CE6287D0033923B /* Release */ = {
			isa = XCBuildConfiguration;
			buildSettings = {
				ASSETCATALOG_COMPILER_APPICON_NAME = AppIcon;
				ASSETCATALOG_COMPILER_GLOBAL_ACCENT_COLOR_NAME = AccentColor;
				CODE_SIGN_STYLE = Automatic;
				CURRENT_PROJECT_VERSION = 1;
				DEVELOPMENT_ASSET_PATHS = "\"Market place/Preview Content\"";
				ENABLE_PREVIEWS = YES;
				GENERATE_INFOPLIST_FILE = YES;
				INFOPLIST_KEY_UIApplicationSceneManifest_Generation = YES;
				INFOPLIST_KEY_UIApplicationSupportsIndirectInputEvents = YES;
				INFOPLIST_KEY_UILaunchScreen_Generation = YES;
				INFOPLIST_KEY_UISupportedInterfaceOrientations_iPad = "UIInterfaceOrientationPortrait UIInterfaceOrientationPortraitUpsideDown UIInterfaceOrientationLandscapeLeft UIInterfaceOrientationLandscapeRight";
				INFOPLIST_KEY_UISupportedInterfaceOrientations_iPhone = "UIInterfaceOrientationPortrait UIInterfaceOrientationLandscapeLeft UIInterfaceOrientationLandscapeRight";
				LD_RUNPATH_SEARCH_PATHS = (
					"$(inherited)",
					"@executable_path/Frameworks",
				);
				MARKETING_VERSION = 1.0;
				PRODUCT_BUNDLE_IDENTIFIER = "product.Market-place";
				PRODUCT_NAME = "$(TARGET_NAME)";
				SWIFT_EMIT_LOC_STRINGS = YES;
				SWIFT_VERSION = 5.0;
				TARGETED_DEVICE_FAMILY = "1,2";
			};
			name = Release;
		};
		57302C1B2CE6287D0033923B /* Debug */ = {
			isa = XCBuildConfiguration;
			buildSettings = {
				BUNDLE_LOADER = "$(TEST_HOST)";
				CODE_SIGN_STYLE = Automatic;
				CURRENT_PROJECT_VERSION = 1;
				GENERATE_INFOPLIST_FILE = YES;
				IPHONEOS_DEPLOYMENT_TARGET = 18.1;
				MARKETING_VERSION = 1.0;
				PRODUCT_BUNDLE_IDENTIFIER = "product.Market-placeTests";
				PRODUCT_NAME = "$(TARGET_NAME)";
				SWIFT_EMIT_LOC_STRINGS = NO;
				SWIFT_VERSION = 5.0;
				TARGETED_DEVICE_FAMILY = "1,2";
				TEST_HOST = "$(BUILT_PRODUCTS_DIR)/Market place.app/$(BUNDLE_EXECUTABLE_FOLDER_PATH)/Market place";
			};
			name = Debug;
		};
		57302C1C2CE6287D0033923B /* Release */ = {
			isa = XCBuildConfiguration;
			buildSettings = {
				BUNDLE_LOADER = "$(TEST_HOST)";
				CODE_SIGN_STYLE = Automatic;
				CURRENT_PROJECT_VERSION = 1;
				GENERATE_INFOPLIST_FILE = YES;
				IPHONEOS_DEPLOYMENT_TARGET = 18.1;
				MARKETING_VERSION = 1.0;
				PRODUCT_BUNDLE_IDENTIFIER = "product.Market-placeTests";
				PRODUCT_NAME = "$(TARGET_NAME)";
				SWIFT_EMIT_LOC_STRINGS = NO;
				SWIFT_VERSION = 5.0;
				TARGETED_DEVICE_FAMILY = "1,2";
				TEST_HOST = "$(BUILT_PRODUCTS_DIR)/Market place.app/$(BUNDLE_EXECUTABLE_FOLDER_PATH)/Market place";
			};
			name = Release;
		};
		57302C1E2CE6287D0033923B /* Debug */ = {
			isa = XCBuildConfiguration;
			buildSettings = {
				CODE_SIGN_STYLE = Automatic;
				CURRENT_PROJECT_VERSION = 1;
				GENERATE_INFOPLIST_FILE = YES;
				MARKETING_VERSION = 1.0;
				PRODUCT_BUNDLE_IDENTIFIER = "product.Market-placeUITests";
				PRODUCT_NAME = "$(TARGET_NAME)";
				SWIFT_EMIT_LOC_STRINGS = NO;
				SWIFT_VERSION = 5.0;
				TARGETED_DEVICE_FAMILY = "1,2";
				TEST_TARGET_NAME = "Market place";
			};
			name = Debug;
		};
		57302C1F2CE6287D0033923B /* Release */ = {
			isa = XCBuildConfiguration;
			buildSettings = {
				CODE_SIGN_STYLE = Automatic;
				CURRENT_PROJECT_VERSION = 1;
				GENERATE_INFOPLIST_FILE = YES;
				MARKETING_VERSION = 1.0;
				PRODUCT_BUNDLE_IDENTIFIER = "product.Market-placeUITests";
				PRODUCT_NAME = "$(TARGET_NAME)";
				SWIFT_EMIT_LOC_STRINGS = NO;
				SWIFT_VERSION = 5.0;
				TARGETED_DEVICE_FAMILY = "1,2";
				TEST_TARGET_NAME = "Market place";
			};
			name = Release;
		};
/* End XCBuildConfiguration section */

/* Begin XCConfigurationList section */
		57302BEE2CE6287B0033923B /* Build configuration list for PBXProject "Market place" */ = {
			isa = XCConfigurationList;
			buildConfigurations = (
				57302C152CE6287D0033923B /* Debug */,
				57302C162CE6287D0033923B /* Release */,
			);
			defaultConfigurationIsVisible = 0;
			defaultConfigurationName = Release;
		};
		57302C172CE6287D0033923B /* Build configuration list for PBXNativeTarget "Market place" */ = {
			isa = XCConfigurationList;
			buildConfigurations = (
				57302C182CE6287D0033923B /* Debug */,
				57302C192CE6287D0033923B /* Release */,
			);
			defaultConfigurationIsVisible = 0;
			defaultConfigurationName = Release;
		};
		57302C1A2CE6287D0033923B /* Build configuration list for PBXNativeTarget "Market placeTests" */ = {
			isa = XCConfigurationList;
			buildConfigurations = (
				57302C1B2CE6287D0033923B /* Debug */,
				57302C1C2CE6287D0033923B /* Release */,
			);
			defaultConfigurationIsVisible = 0;
			defaultConfigurationName = Release;
		};
		57302C1D2CE6287D0033923B /* Build configuration list for PBXNativeTarget "Market placeUITests" */ = {
			isa = XCConfigurationList;
			buildConfigurations = (
				57302C1E2CE6287D0033923B /* Debug */,
				57302C1F2CE6287D0033923B /* Release */,
			);
			defaultConfigurationIsVisible = 0;
			defaultConfigurationName = Release;
		};
/* End XCConfigurationList section */
	};
	rootObject = 57302BEB2CE6287B0033923B /* Project object */;
}
